# This file is automatically @generated by Cargo.
# It is not intended for manual editing.
[[package]]
name = "magpie"
version = "0.1.0"
source = "registry+https://github.com/rust-lang/crates.io-index"
checksum = "c829a2ed13e9893f83fb4a6375c8cc2d6a2db1bc0ed5b190864bde67e2083440"

[[package]]
name = "monochrome"
version = "0.1.0"
dependencies = [
 "magpie",
]
